
Microsoft Visual Studio Solution File, Format Version 12.00
Project("{FAE04EC0-301F-11D3-BF4B-00C04F79EFBC}") = "DPOP", "DPOP\DPOP.csproj", "{AD3D5A94-67BA-49FB-B529-65E419302F78}"
EndProject
Global
	GlobalSection(SolutionConfigurationPlatforms) = preSolution
		Debug|Any CPU = Debug|Any CPU
		Release|Any CPU = Release|Any CPU
	EndGlobalSection
	GlobalSection(ProjectConfigurationPlatforms) = postSolution
		{AD3D5A94-67BA-49FB-B529-65E419302F78}.Debug|Any CPU.ActiveCfg = Debug|Any CPU
		{AD3D5A94-67BA-49FB-B529-65E419302F78}.Debug|Any CPU.Build.0 = Debug|Any CPU
		{AD3D5A94-67BA-49FB-B529-65E419302F78}.Release|Any CPU.ActiveCfg = Release|Any CPU
		{AD3D5A94-67BA-49FB-B529-65E419302F78}.Release|Any CPU.Build.0 = Release|Any CPU
	EndGlobalSection
EndGlobal
